
Microsoft Visual Studio Solution File, Format Version 12.00
# Visual Studio 15
VisualStudioVersion = 15.0.28010.2016
MinimumVisualStudioVersion = 10.0.40219.1
Project("{8BC9CEB8-8B4A-11D0-8D11-00A0C91BC942}") = "FigureDemo", "FigureDemo\FigureDemo.vcxproj", "{8354290E-4A02-4123-91FB-2EBF7F27A6A4}"
EndProject
Project("{8BC9CEB8-8B4A-11D0-8D11-00A0C91BC942}") = "NumberLottery", "..\NumberLottery\NumberLottery\Lab06_Lottery.vcxproj", "{F81FF05F-1C51-4E01-8DBA-F5ED143DF9D1}"
EndProject
Project("{8BC9CEB8-8B4A-11D0-8D11-00A0C91BC942}") = "NumberSwap", "..\NumberSort\Lab06_Sort\Lab06_Swap.vcxproj", "{06203773-2239-4004-B032-68981F7B637D}"
EndProject
Global
	GlobalSection(SolutionConfigurationPlatforms) = preSolution
		Debug|x64 = Debug|x64
		Debug|x86 = Debug|x86
		Release|x64 = Release|x64
		Release|x86 = Release|x86
	EndGlobalSection
	GlobalSection(ProjectConfigurationPlatforms) = postSolution
		{8354290E-4A02-4123-91FB-2EBF7F27A6A4}.Debug|x64.ActiveCfg = Debug|x64
		{8354290E-4A02-4123-91FB-2EBF7F27A6A4}.Debug|x64.Build.0 = Debug|x64
		{8354290E-4A02-4123-91FB-2EBF7F27A6A4}.Debug|x86.ActiveCfg = Debug|Win32
		{8354290E-4A02-4123-91FB-2EBF7F27A6A4}.Debug|x86.Build.0 = Debug|Win32
		{8354290E-4A02-4123-91FB-2EBF7F27A6A4}.Release|x64.ActiveCfg = Release|x64
		{8354290E-4A02-4123-91FB-2EBF7F27A6A4}.Release|x64.Build.0 = Release|x64
		{8354290E-4A02-4123-91FB-2EBF7F27A6A4}.Release|x86.ActiveCfg = Release|Win32
		{8354290E-4A02-4123-91FB-2EBF7F27A6A4}.Release|x86.Build.0 = Release|Win32
		{F81FF05F-1C51-4E01-8DBA-F5ED143DF9D1}.Debug|x64.ActiveCfg = Debug|x64
		{F81FF05F-1C51-4E01-8DBA-F5ED143DF9D1}.Debug|x64.Build.0 = Debug|x64
		{F81FF05F-1C51-4E01-8DBA-F5ED143DF9D1}.Debug|x86.ActiveCfg = Debug|Win32
		{F81FF05F-1C51-4E01-8DBA-F5ED143DF9D1}.Debug|x86.Build.0 = Debug|Win32
		{F81FF05F-1C51-4E01-8DBA-F5ED143DF9D1}.Release|x64.ActiveCfg = Release|x64
		{F81FF05F-1C51-4E01-8DBA-F5ED143DF9D1}.Release|x64.Build.0 = Release|x64
		{F81FF05F-1C51-4E01-8DBA-F5ED143DF9D1}.Release|x86.ActiveCfg = Release|Win32
		{F81FF05F-1C51-4E01-8DBA-F5ED143DF9D1}.Release|x86.Build.0 = Release|Win32
		{06203773-2239-4004-B032-68981F7B637D}.Debug|x64.ActiveCfg = Debug|x64
		{06203773-2239-4004-B032-68981F7B637D}.Debug|x64.Build.0 = Debug|x64
		{06203773-2239-4004-B032-68981F7B637D}.Debug|x86.ActiveCfg = Debug|Win32
		{06203773-2239-4004-B032-68981F7B637D}.Debug|x86.Build.0 = Debug|Win32
		{06203773-2239-4004-B032-68981F7B637D}.Release|x64.ActiveCfg = Release|x64
		{06203773-2239-4004-B032-68981F7B637D}.Release|x64.Build.0 = Release|x64
		{06203773-2239-4004-B032-68981F7B637D}.Release|x86.ActiveCfg = Release|Win32
		{06203773-2239-4004-B032-68981F7B637D}.Release|x86.Build.0 = Release|Win32
	EndGlobalSection
	GlobalSection(SolutionProperties) = preSolution
		HideSolutionNode = FALSE
	EndGlobalSection
	GlobalSection(ExtensibilityGlobals) = postSolution
		SolutionGuid = {FA403BC1-0E49-467A-A418-0D1B36930478}
	EndGlobalSection
EndGlobal
